
Microsoft Visual Studio Solution File, Format Version 12.00
# Visual Studio 15
VisualStudioVersion = 15.0.26730.10
MinimumVisualStudioVersion = 10.0.40219.1
Project("{9A19103F-16F7-4668-BE54-9A1E7A4F7556}") = "gerenciador-propostas", "gerenciador-propostas.csproj", "{103BBB41-140F-4765-BE17-2408DC4580D3}"
EndProject
Global
	GlobalSection(SolutionConfigurationPlatforms) = preSolution
		Debug|Any CPU = Debug|Any CPU
		Release|Any CPU = Release|Any CPU
	EndGlobalSection
	GlobalSection(ProjectConfigurationPlatforms) = postSolution
		{103BBB41-140F-4765-BE17-2408DC4580D3}.Debug|Any CPU.ActiveCfg = Debug|Any CPU
		{103BBB41-140F-4765-BE17-2408DC4580D3}.Debug|Any CPU.Build.0 = Debug|Any CPU
		{103BBB41-140F-4765-BE17-2408DC4580D3}.Release|Any CPU.ActiveCfg = Release|Any CPU
		{103BBB41-140F-4765-BE17-2408DC4580D3}.Release|Any CPU.Build.0 = Release|Any CPU
	EndGlobalSection
	GlobalSection(SolutionProperties) = preSolution
		HideSolutionNode = FALSE
	EndGlobalSection
	GlobalSection(ExtensibilityGlobals) = postSolution
		SolutionGuid = {C2E0E271-B28B-4325-AE44-E32CD2075CAC}
	EndGlobalSection
EndGlobal
